<?xml version="1.0" encoding="utf-8"?>
<Project ToolsVersion="4.0" xmlns="http://schemas.microsoft.com/developer/msbuild/2003">
  <ItemGroup>
    <Filter Include="Source Files">
      <UniqueIdentifier>{55121f80-3511-4e5f-855b-5636a5e01b7b}</UniqueIdentifier>
      <Extensions>cpp;c;cxx;rc;def;r;odl;idl;hpj;bat;f90;for;f;fpp</Extensions>
    </Filter>
    <Filter Include="Header Files">
      <UniqueIdentifier>{f52ef069-8d80-4c02-b134-1b42cb9eb96d}</UniqueIdentifier>
      <Extensions>h;hpp;hxx;hm;inl;fi;fd</Extensions>
    </Filter>
  </ItemGroup>
  <ItemGroup>
    <ClCompile Include="..\extras\blas\daxpy.c">
      <Filter>Source Files</Filter>
    </ClCompile>
    <ClCompile Include="..\extras\blas\dcopy.c">
      <Filter>Source Files</Filter>
    </ClCompile>
    <ClCompile Include="..\extras\blas\ddot.c">
      <Filter>Source Files</Filter>
    </ClCompile>
    <ClCompile Include="..\extras\blas\dgemm.c">
      <Filter>Source Files</Filter>
    </ClCompile>
    <ClCompile Include="..\extras\blas\dgemv.c">
      <Filter>Source Files</Filter>
    </ClCompile>
    <ClCompile Include="..\extras\blas\dger.c">
      <Filter>Source Files</Filter>
    </ClCompile>
    <ClCompile Include="..\src\Utilities\dpotrf.c">
      <Filter>Source Files</Filter>
    </ClCompile>
    <ClCompile Include="..\src\Utilities\dpotrs.c">
      <Filter>Source Files</Filter>
    </ClCompile>
    <ClCompile Include="..\extras\blas\dscal.c">
      <Filter>Source Files</Filter>
    </ClCompile>
    <ClCompile Include="..\extras\blas\dswap.c">
      <Filter>Source Files</Filter>
    </ClCompile>
    <ClCompile Include="..\extras\blas\dsymv.c">
      <Filter>Source Files</Filter>
    </ClCompile>
    <ClCompile Include="..\extras\blas\dsyr.c">
      <Filter>Source Files</Filter>
    </ClCompile>
    <ClCompile Include="..\extras\blas\dsyrk.c">
      <Filter>Source Files</Filter>
    </ClCompile>
    <ClCompile Include="..\src\Utilities\dsytrf.c">
      <Filter>Source Files</Filter>
    </ClCompile>
    <ClCompile Include="..\src\Utilities\dsytrs.c">
      <Filter>Source Files</Filter>
    </ClCompile>
    <ClCompile Include="..\extras\blas\dtrsm.c">
      <Filter>Source Files</Filter>
    </ClCompile>
    <ClCompile Include="..\extras\blas\idamax.c">
      <Filter>Source Files</Filter>
    </ClCompile>
  </ItemGroup>
</Project>