<?xml version="1.0" encoding="utf-8"?>
<Project ToolsVersion="4.0" xmlns="http://schemas.microsoft.com/developer/msbuild/2003">
  <ItemGroup>
    <Filter Include="Source Files">
      <UniqueIdentifier>{c56c9ae8-493d-413a-b557-9ed12497d007}</UniqueIdentifier>
      <Extensions>cpp;c;cxx;rc;def;r;odl;idl;hpj;bat;f90;for;f;fpp</Extensions>
    </Filter>
    <Filter Include="Header Files">
      <UniqueIdentifier>{c8242d97-c96b-4d82-90ba-357339881dd3}</UniqueIdentifier>
      <Extensions>h;hpp;hxx;hm;inl;fi;fd</Extensions>
    </Filter>
  </ItemGroup>
  <ItemGroup>
    <ClCompile Include="..\src\CInterface\cBounds.c">
      <Filter>Source Files</Filter>
    </ClCompile>
    <ClCompile Include="..\src\CInterface\cMpsReader.C">
      <Filter>Source Files</Filter>
    </ClCompile>
    <ClCompile Include="..\src\CInterface\cQpGen.C">
      <Filter>Source Files</Filter>
    </ClCompile>
    <ClCompile Include="..\src\CInterface\cQpGenDense.C">
      <Filter>Source Files</Filter>
    </ClCompile>
    <ClCompile Include="..\src\Readers\hash.C">
      <Filter>Source Files</Filter>
    </ClCompile>
    <ClCompile Include="..\src\Readers\MpsReader.C">
      <Filter>Source Files</Filter>
    </ClCompile>
    <ClCompile Include="..\src\QpGen\QpGen.C">
      <Filter>Source Files</Filter>
    </ClCompile>
    <ClCompile Include="..\src\QpGen\QpGenData.C">
      <Filter>Source Files</Filter>
    </ClCompile>
    <ClCompile Include="..\src\QpGen\QpGenDense.C">
      <Filter>Source Files</Filter>
    </ClCompile>
    <ClCompile Include="..\src\QpGen\QpGenDenseLinsys.C">
      <Filter>Source Files</Filter>
    </ClCompile>
    <ClCompile Include="..\src\QpGen\QpGenLinsys.C">
      <Filter>Source Files</Filter>
    </ClCompile>
    <ClCompile Include="..\src\QpGen\QpGenResiduals.C">
      <Filter>Source Files</Filter>
    </ClCompile>
    <ClCompile Include="..\src\QpGen\QpGenVars.C">
      <Filter>Source Files</Filter>
    </ClCompile>
  </ItemGroup>
  <ItemGroup>
    <ClInclude Include="..\src\CInterface\cBounds.h">
      <Filter>Header Files</Filter>
    </ClInclude>
    <ClInclude Include="..\src\CInterface\cMpsReader.h">
      <Filter>Header Files</Filter>
    </ClInclude>
    <ClInclude Include="..\src\CInterface\cQpGen.h">
      <Filter>Header Files</Filter>
    </ClInclude>
    <ClInclude Include="..\src\CInterface\cQpGenDense.h">
      <Filter>Header Files</Filter>
    </ClInclude>
    <ClInclude Include="..\src\QpGen\QpGen.h">
      <Filter>Header Files</Filter>
    </ClInclude>
    <ClInclude Include="..\src\QpGen\QpGenData.h">
      <Filter>Header Files</Filter>
    </ClInclude>
    <ClInclude Include="..\src\QpGen\QpGenDense.h">
      <Filter>Header Files</Filter>
    </ClInclude>
    <ClInclude Include="..\src\QpGen\QpGenDenseLinsys.h">
      <Filter>Header Files</Filter>
    </ClInclude>
    <ClInclude Include="..\src\QpGen\QpGenLinsys.h">
      <Filter>Header Files</Filter>
    </ClInclude>
    <ClInclude Include="..\src\QpGen\QpGenResiduals.h">
      <Filter>Header Files</Filter>
    </ClInclude>
    <ClInclude Include="..\src\QpGen\QpGenVars.h">
      <Filter>Header Files</Filter>
    </ClInclude>
  </ItemGroup>
</Project>