<?xml version="1.0" encoding="utf-8"?>
<Project ToolsVersion="4.0" xmlns="http://schemas.microsoft.com/developer/msbuild/2003">
  <ItemGroup>
    <Filter Include="Source Files">
      <UniqueIdentifier>{47aa0943-81a7-418f-984f-37293be609d6}</UniqueIdentifier>
      <Extensions>cpp;c;cxx;rc;def;r;odl;idl;hpj;bat;f90;for;f;fpp</Extensions>
    </Filter>
    <Filter Include="Header Files">
      <UniqueIdentifier>{a8492a6d-329f-4ab4-98b3-d0e9f4ecc19b}</UniqueIdentifier>
      <Extensions>h;hpp;hxx;hm;inl;fi;fd</Extensions>
    </Filter>
  </ItemGroup>
  <ItemGroup>
    <ClCompile Include="..\src\DenseLinearAlgebra\DenseGenMatrix.C">
      <Filter>Source Files</Filter>
    </ClCompile>
    <ClCompile Include="..\src\DenseLinearAlgebra\DenseLinearAlgebraPackage.C">
      <Filter>Source Files</Filter>
    </ClCompile>
    <ClCompile Include="..\src\DenseLinearAlgebra\DenseStorage.C">
      <Filter>Source Files</Filter>
    </ClCompile>
    <ClCompile Include="..\src\DenseLinearAlgebra\DenseSymMatrix.C">
      <Filter>Source Files</Filter>
    </ClCompile>
    <ClCompile Include="..\src\DenseLinearAlgebra\DeSymIndefSolver.C">
      <Filter>Source Files</Filter>
    </ClCompile>
    <ClCompile Include="..\src\DenseLinearAlgebra\DeSymPSDSolver.C">
      <Filter>Source Files</Filter>
    </ClCompile>
  </ItemGroup>
  <ItemGroup>
    <ClInclude Include="..\src\DenseLinearAlgebra\DenseGenMatrix.h">
      <Filter>Header Files</Filter>
    </ClInclude>
    <ClInclude Include="..\src\DenseLinearAlgebra\DenseGenMatrixHandle.h">
      <Filter>Header Files</Filter>
    </ClInclude>
    <ClInclude Include="..\src\DenseLinearAlgebra\DenseLinearAlgebraPackage.h">
      <Filter>Header Files</Filter>
    </ClInclude>
    <ClInclude Include="..\src\DenseLinearAlgebra\DenseStorage.h">
      <Filter>Header Files</Filter>
    </ClInclude>
    <ClInclude Include="..\src\DenseLinearAlgebra\DenseStorageHandle.h">
      <Filter>Header Files</Filter>
    </ClInclude>
    <ClInclude Include="..\src\DenseLinearAlgebra\DenseSymMatrix.h">
      <Filter>Header Files</Filter>
    </ClInclude>
    <ClInclude Include="..\src\DenseLinearAlgebra\DenseSymMatrixHandle.h">
      <Filter>Header Files</Filter>
    </ClInclude>
    <ClInclude Include="..\src\DenseLinearAlgebra\DeSymIndefSolver.h">
      <Filter>Header Files</Filter>
    </ClInclude>
    <ClInclude Include="..\src\DenseLinearAlgebra\DeSymPSDSolver.h">
      <Filter>Header Files</Filter>
    </ClInclude>
  </ItemGroup>
</Project>