<?xml version="1.0" encoding="utf-8"?>
<Project ToolsVersion="4.0" xmlns="http://schemas.microsoft.com/developer/msbuild/2003">
  <ItemGroup>
    <Filter Include="Source Files">
      <UniqueIdentifier>{8f26862e-0943-47cf-b216-65fd5946f6eb}</UniqueIdentifier>
      <Extensions>cpp;c;cxx;rc;def;r;odl;idl;hpj;bat;f90;for;f;fpp</Extensions>
    </Filter>
    <Filter Include="Header Files">
      <UniqueIdentifier>{30324db8-2e64-4965-9cbd-388ea1429c4c}</UniqueIdentifier>
      <Extensions>h;hpp;hxx;hm;inl;fi;fd</Extensions>
    </Filter>
    <Filter Include="Resource Files">
      <UniqueIdentifier>{28a5d015-8a46-4fa8-9152-e89211274636}</UniqueIdentifier>
      <Extensions>ico;cur;bmp;dlg;rc2;rct;bin;rgs;gif;jpg;jpeg;jpe</Extensions>
    </Filter>
  </ItemGroup>
  <ItemGroup>
    <ClCompile Include="..\src\DenseLinearAlgebra\DenseGenMatrix.C">
      <Filter>Source Files</Filter>
    </ClCompile>
    <ClCompile Include="..\src\DenseLinearAlgebra\DenseLinearAlgebraPackage.C">
      <Filter>Source Files</Filter>
    </ClCompile>
    <ClCompile Include="..\src\DenseLinearAlgebra\DenseSymMatrix.C">
      <Filter>Source Files</Filter>
    </ClCompile>
    <ClCompile Include="..\src\DenseLinearAlgebra\DeSymIndefSolver.C">
      <Filter>Source Files</Filter>
    </ClCompile>
    <ClCompile Include="..\src\QpSolvers\GondzioSolver.C">
      <Filter>Source Files</Filter>
    </ClCompile>
    <ClCompile Include="..\src\Vector\OoqpVector.C">
      <Filter>Source Files</Filter>
    </ClCompile>
    <ClCompile Include="..\src\QpGen\QpGenDense.C">
      <Filter>Source Files</Filter>
    </ClCompile>
    <ClCompile Include="..\src\QpGen\QpGenDenseGondzioDriver.C">
      <Filter>Source Files</Filter>
    </ClCompile>
    <ClCompile Include="..\src\Vector\SimpleVector.C">
      <Filter>Source Files</Filter>
    </ClCompile>
  </ItemGroup>
  <ItemGroup>
    <ClInclude Include="..\src\Vector\OoqpVector.h">
      <Filter>Source Files</Filter>
    </ClInclude>
    <ClInclude Include="..\src\DenseLinearAlgebra\DenseGenMatrix.h">
      <Filter>Header Files</Filter>
    </ClInclude>
    <ClInclude Include="..\src\DenseLinearAlgebra\DenseGenMatrixHandle.h">
      <Filter>Header Files</Filter>
    </ClInclude>
    <ClInclude Include="..\src\DenseLinearAlgebra\DenseLinearAlgebraPackage.h">
      <Filter>Header Files</Filter>
    </ClInclude>
    <ClInclude Include="..\src\DenseLinearAlgebra\DenseSymMatrix.h">
      <Filter>Header Files</Filter>
    </ClInclude>
    <ClInclude Include="..\src\DenseLinearAlgebra\DenseSymMatrixHandle.h">
      <Filter>Header Files</Filter>
    </ClInclude>
    <ClInclude Include="..\src\DenseLinearAlgebra\DeSymIndefSolver.h">
      <Filter>Header Files</Filter>
    </ClInclude>
    <ClInclude Include="..\src\QpSolvers\GondzioSolver.h">
      <Filter>Header Files</Filter>
    </ClInclude>
    <ClInclude Include="..\src\Vector\OoqpVectorHandle.h">
      <Filter>Header Files</Filter>
    </ClInclude>
    <ClInclude Include="..\src\QpGen\QpGenDense.h">
      <Filter>Header Files</Filter>
    </ClInclude>
    <ClInclude Include="..\src\QpGen\QpGenDriver.h">
      <Filter>Header Files</Filter>
    </ClInclude>
    <ClInclude Include="..\src\Vector\SimpleVector.h">
      <Filter>Header Files</Filter>
    </ClInclude>
    <ClInclude Include="..\src\Vector\SimpleVectorHandle.h">
      <Filter>Header Files</Filter>
    </ClInclude>
  </ItemGroup>
  <ItemGroup>
    <Library Include="..\lib\vcf2c.lib" />
  </ItemGroup>
</Project>