<?xml version="1.0" encoding="utf-8"?>
<Project ToolsVersion="4.0" xmlns="http://schemas.microsoft.com/developer/msbuild/2003">
  <ItemGroup>
    <Filter Include="Source Files">
      <UniqueIdentifier>{32e0e19e-8f88-485d-ada3-d3b1db874023}</UniqueIdentifier>
      <Extensions>cpp;c;cxx;rc;def;r;odl;idl;hpj;bat;f90;for;f;fpp</Extensions>
    </Filter>
    <Filter Include="Header Files">
      <UniqueIdentifier>{9c40f013-71fd-410f-9307-6c2468579488}</UniqueIdentifier>
      <Extensions>h;hpp;hxx;hm;inl;fi;fd</Extensions>
    </Filter>
    <Filter Include="Resource Files">
      <UniqueIdentifier>{de191763-5c98-4414-9218-1c691a93e1e0}</UniqueIdentifier>
      <Extensions>ico;cur;bmp;dlg;rc2;rct;bin;rgs;gif;jpg;jpeg;jpe</Extensions>
    </Filter>
  </ItemGroup>
  <ItemGroup>
    <ClCompile Include="..\src\Abstract\Data.C">
      <Filter>Source Files</Filter>
    </ClCompile>
    <ClCompile Include="..\src\Utilities\drand.C">
      <Filter>Source Files</Filter>
    </ClCompile>
    <ClCompile Include="..\src\QpSolvers\GondzioSolver.C">
      <Filter>Source Files</Filter>
    </ClCompile>
    <ClCompile Include="..\src\Readers\hash.C">
      <Filter>Source Files</Filter>
    </ClCompile>
    <ClCompile Include="..\src\Abstract\IotrRefCount.C">
      <Filter>Source Files</Filter>
    </ClCompile>
    <ClCompile Include="..\src\Readers\MpsReader.C">
      <Filter>Source Files</Filter>
    </ClCompile>
    <ClCompile Include="..\src\Abstract\OoqpMonitor.C">
      <Filter>Source Files</Filter>
    </ClCompile>
    <ClCompile Include="..\src\Vector\OoqpVector.C">
      <Filter>Source Files</Filter>
    </ClCompile>
    <ClCompile Include="..\src\Abstract\OoqpVersion.C">
      <Filter>Source Files</Filter>
    </ClCompile>
    <ClCompile Include="..\src\QpGen\QpGen.C">
      <Filter>Source Files</Filter>
    </ClCompile>
    <ClCompile Include="..\src\QpGen\QpGenData.C">
      <Filter>Source Files</Filter>
    </ClCompile>
    <ClCompile Include="..\src\QpGen\QpGenSparseGondzioDriver.C">
      <Filter>Source Files</Filter>
    </ClCompile>
    <ClCompile Include="..\src\QpGen\QpGenSparseLinsys.C">
      <Filter>Source Files</Filter>
    </ClCompile>
    <ClCompile Include="..\src\QpGen\QpGenSparseMa27.C">
      <Filter>Source Files</Filter>
    </ClCompile>
    <ClCompile Include="..\src\QpGen\QpGenVars.C">
      <Filter>Source Files</Filter>
    </ClCompile>
    <ClCompile Include="..\src\Vector\SimpleVector.C">
      <Filter>Source Files</Filter>
    </ClCompile>
    <ClCompile Include="..\src\Abstract\Solver.C">
      <Filter>Source Files</Filter>
    </ClCompile>
    <ClCompile Include="..\src\Utilities\sort.C">
      <Filter>Source Files</Filter>
    </ClCompile>
    <ClCompile Include="..\src\SparseLinearAlgebra\SparseGenMatrix.C">
      <Filter>Source Files</Filter>
    </ClCompile>
    <ClCompile Include="..\src\SparseLinearAlgebra\SparseLinearAlgebraPackage.C">
      <Filter>Source Files</Filter>
    </ClCompile>
    <ClCompile Include="..\src\SparseLinearAlgebra\SparseStorage.C">
      <Filter>Source Files</Filter>
    </ClCompile>
    <ClCompile Include="..\src\SparseLinearAlgebra\SparseSymMatrix.C">
      <Filter>Source Files</Filter>
    </ClCompile>
    <ClCompile Include="..\src\Abstract\Status.C">
      <Filter>Source Files</Filter>
    </ClCompile>
    <ClCompile Include="..\src\Abstract\Variables.C">
      <Filter>Source Files</Filter>
    </ClCompile>
    <ClCompile Include="..\src\Vector\VectorUtilities.C">
      <Filter>Source Files</Filter>
    </ClCompile>
  </ItemGroup>
  <ItemGroup>
    <ClInclude Include="..\src\Abstract\Data.h">
      <Filter>Header Files</Filter>
    </ClInclude>
    <ClInclude Include="..\src\Abstract\DoubleLinearSolver.h">
      <Filter>Header Files</Filter>
    </ClInclude>
    <ClInclude Include="..\src\Abstract\DoubleMatrix.h">
      <Filter>Header Files</Filter>
    </ClInclude>
    <ClInclude Include="..\src\Abstract\DoubleMatrixHandle.h">
      <Filter>Header Files</Filter>
    </ClInclude>
    <ClInclude Include="..\src\Abstract\DoubleMatrixTypes.h">
      <Filter>Header Files</Filter>
    </ClInclude>
    <ClInclude Include="..\src\QpSolvers\GondzioSolver.h">
      <Filter>Header Files</Filter>
    </ClInclude>
    <ClInclude Include="..\src\Readers\hash.h">
      <Filter>Header Files</Filter>
    </ClInclude>
    <ClInclude Include="..\src\Abstract\IotrRefCount.h">
      <Filter>Header Files</Filter>
    </ClInclude>
    <ClInclude Include="..\src\Abstract\LinearAlgebraPackage.h">
      <Filter>Header Files</Filter>
    </ClInclude>
    <ClInclude Include="..\src\Abstract\LinearSystem.h">
      <Filter>Header Files</Filter>
    </ClInclude>
    <ClInclude Include="..\src\Readers\MpsReader.h">
      <Filter>Header Files</Filter>
    </ClInclude>
    <ClInclude Include="..\src\Utilities\OoqpBlas.h">
      <Filter>Header Files</Filter>
    </ClInclude>
    <ClInclude Include="..\src\Abstract\OoqpMonitor.h">
      <Filter>Header Files</Filter>
    </ClInclude>
    <ClInclude Include="..\src\Abstract\OoqpPetscMonitor.h">
      <Filter>Header Files</Filter>
    </ClInclude>
    <ClInclude Include="..\src\Abstract\OoqpStartStrategy.h">
      <Filter>Header Files</Filter>
    </ClInclude>
    <ClInclude Include="..\src\Vector\OoqpVector.h">
      <Filter>Header Files</Filter>
    </ClInclude>
    <ClInclude Include="..\src\Vector\OoqpVectorHandle.h">
      <Filter>Header Files</Filter>
    </ClInclude>
    <ClInclude Include="..\src\Abstract\OoqpVersion.h">
      <Filter>Header Files</Filter>
    </ClInclude>
    <ClInclude Include="..\src\Abstract\ProblemFormulation.h">
      <Filter>Header Files</Filter>
    </ClInclude>
    <ClInclude Include="..\src\QpGen\QpGen.h">
      <Filter>Header Files</Filter>
    </ClInclude>
    <ClInclude Include="..\src\QpGen\QpGenData.h">
      <Filter>Header Files</Filter>
    </ClInclude>
    <ClInclude Include="..\src\QpGen\QpGenDriver.h">
      <Filter>Header Files</Filter>
    </ClInclude>
    <ClInclude Include="..\src\QpGen\QpGenSparseLinsys.h">
      <Filter>Header Files</Filter>
    </ClInclude>
    <ClInclude Include="..\src\QpGen\QpGenSparseMa27.h">
      <Filter>Header Files</Filter>
    </ClInclude>
    <ClInclude Include="..\src\Abstract\Residuals.h">
      <Filter>Header Files</Filter>
    </ClInclude>
    <ClInclude Include="..\src\Vector\SimpleVector.h">
      <Filter>Header Files</Filter>
    </ClInclude>
    <ClInclude Include="..\src\Vector\SimpleVectorHandle.h">
      <Filter>Header Files</Filter>
    </ClInclude>
    <ClInclude Include="..\src\Abstract\SmartPointer.h">
      <Filter>Header Files</Filter>
    </ClInclude>
    <ClInclude Include="..\src\Abstract\Solver.h">
      <Filter>Header Files</Filter>
    </ClInclude>
    <ClInclude Include="..\src\SparseLinearAlgebra\SparseGenMatrix.h">
      <Filter>Header Files</Filter>
    </ClInclude>
    <ClInclude Include="..\src\SparseLinearAlgebra\SparseGenMatrixHandle.h">
      <Filter>Header Files</Filter>
    </ClInclude>
    <ClInclude Include="..\src\SparseLinearAlgebra\SparseLinearAlgebraPackage.h">
      <Filter>Header Files</Filter>
    </ClInclude>
    <ClInclude Include="..\src\SparseLinearAlgebra\SparseStorage.h">
      <Filter>Header Files</Filter>
    </ClInclude>
    <ClInclude Include="..\src\SparseLinearAlgebra\SparseStorageHandle.h">
      <Filter>Header Files</Filter>
    </ClInclude>
    <ClInclude Include="..\src\SparseLinearAlgebra\SparseSymMatrix.h">
      <Filter>Header Files</Filter>
    </ClInclude>
    <ClInclude Include="..\src\SparseLinearAlgebra\SparseSymMatrixHandle.h">
      <Filter>Header Files</Filter>
    </ClInclude>
    <ClInclude Include="..\src\Abstract\Status.h">
      <Filter>Header Files</Filter>
    </ClInclude>
    <ClInclude Include="..\src\Abstract\Variables.h">
      <Filter>Header Files</Filter>
    </ClInclude>
    <ClInclude Include="..\src\Vector\VectorUtilities.h">
      <Filter>Header Files</Filter>
    </ClInclude>
  </ItemGroup>
  <ItemGroup>
    <Library Include="..\lib\vcf2c.lib" />
  </ItemGroup>
</Project>