<?xml version="1.0" encoding="utf-8"?>
<Project ToolsVersion="4.0" xmlns="http://schemas.microsoft.com/developer/msbuild/2003">
  <ItemGroup>
    <Filter Include="Source Files">
      <UniqueIdentifier>{1009d31a-bfd0-41a8-8195-20d56b996839}</UniqueIdentifier>
      <Extensions>cpp;c;cxx;rc;def;r;odl;idl;hpj;bat;f90;for;f;fpp</Extensions>
    </Filter>
    <Filter Include="Header Files">
      <UniqueIdentifier>{632bc6f8-d223-44fb-81a7-f6689c7c1b7f}</UniqueIdentifier>
      <Extensions>h;hpp;hxx;hm;inl;fi;fd</Extensions>
    </Filter>
    <Filter Include="Resource Files">
      <UniqueIdentifier>{e9b6fb13-a0df-4d4b-8fa9-e2f4e82cb0e7}</UniqueIdentifier>
      <Extensions>ico;cur;bmp;dlg;rc2;rct;bin;rgs;gif;jpg;jpeg;jpe</Extensions>
    </Filter>
  </ItemGroup>
  <ItemGroup>
    <ClCompile Include="..\src\QpSolvers\MehrotraSolver.C">
      <Filter>Source Files</Filter>
    </ClCompile>
    <ClCompile Include="..\src\QpGen\QpGenSparseMa27.C">
      <Filter>Source Files</Filter>
    </ClCompile>
    <ClCompile Include="..\src\QpGen\QpGenSparseMehrotraDriver.C">
      <Filter>Source Files</Filter>
    </ClCompile>
    <ClCompile Include="..\src\QpGen\QpGenSparseSeq.C">
      <Filter>Source Files</Filter>
    </ClCompile>
  </ItemGroup>
  <ItemGroup>
    <ClInclude Include="..\src\QpSolvers\MehrotraSolver.h">
      <Filter>Header Files</Filter>
    </ClInclude>
    <ClInclude Include="..\src\QpGen\QpGenDriver.h">
      <Filter>Header Files</Filter>
    </ClInclude>
    <ClInclude Include="..\src\QpGen\QpGenSparseMa27.h">
      <Filter>Header Files</Filter>
    </ClInclude>
    <ClInclude Include="..\src\QpGen\QpGenSparseSeq.h">
      <Filter>Header Files</Filter>
    </ClInclude>
  </ItemGroup>
  <ItemGroup>
    <Library Include="..\lib\vcf2c.lib" />
  </ItemGroup>
</Project>