<?xml version="1.0" encoding="utf-8"?>
<Project ToolsVersion="4.0" xmlns="http://schemas.microsoft.com/developer/msbuild/2003">
  <ItemGroup>
    <Filter Include="Source Files">
      <UniqueIdentifier>{4FC737F1-C7A5-4376-A066-2A32D752A2FF}</UniqueIdentifier>
      <Extensions>cpp;c;cc;cxx;def;odl;idl;hpj;bat;asm;asmx</Extensions>
    </Filter>
    <Filter Include="Header Files">
      <UniqueIdentifier>{93995380-89BD-4b04-88EB-625FBE52EBFB}</UniqueIdentifier>
      <Extensions>h;hpp;hxx;hm;inl;inc;xsd</Extensions>
    </Filter>
    <Filter Include="Resource Files">
      <UniqueIdentifier>{67DA6AB6-F800-4c08-8B7A-83BB121AAD01}</UniqueIdentifier>
      <Extensions>rc;ico;cur;bmp;dlg;rc2;rct;bin;rgs;gif;jpg;jpeg;jpe;resx;tiff;tif;png;wav;mfcribbon-ms</Extensions>
    </Filter>
  </ItemGroup>
  <ItemGroup>
    <ClInclude Include="LuksanVlcek1.hpp">
      <Filter>Header Files</Filter>
    </ClInclude>
    <ClInclude Include="LuksanVlcek2.hpp">
      <Filter>Header Files</Filter>
    </ClInclude>
    <ClInclude Include="LuksanVlcek3.hpp">
      <Filter>Header Files</Filter>
    </ClInclude>
    <ClInclude Include="LuksanVlcek4.hpp">
      <Filter>Header Files</Filter>
    </ClInclude>
    <ClInclude Include="LuksanVlcek5.hpp">
      <Filter>Header Files</Filter>
    </ClInclude>
    <ClInclude Include="LuksanVlcek6.hpp">
      <Filter>Header Files</Filter>
    </ClInclude>
    <ClInclude Include="LuksanVlcek7.hpp">
      <Filter>Header Files</Filter>
    </ClInclude>
    <ClInclude Include="MittelmannBndryCntrlDiri.hpp">
      <Filter>Header Files</Filter>
    </ClInclude>
    <ClInclude Include="MittelmannBndryCntrlDiri3D.hpp">
      <Filter>Header Files</Filter>
    </ClInclude>
    <ClInclude Include="MittelmannBndryCntrlDiri3D_27.hpp">
      <Filter>Header Files</Filter>
    </ClInclude>
    <ClInclude Include="MittelmannBndryCntrlDiri3Dsin.hpp">
      <Filter>Header Files</Filter>
    </ClInclude>
    <ClInclude Include="MittelmannBndryCntrlNeum.hpp">
      <Filter>Header Files</Filter>
    </ClInclude>
    <ClInclude Include="MittelmannDistCntrlDiri.hpp">
      <Filter>Header Files</Filter>
    </ClInclude>
    <ClInclude Include="MittelmannDistCntrlNeumA.hpp">
      <Filter>Header Files</Filter>
    </ClInclude>
    <ClInclude Include="MittelmannDistCntrlNeumB.hpp">
      <Filter>Header Files</Filter>
    </ClInclude>
    <ClInclude Include="MittelmannParaCntrl.hpp">
      <Filter>Header Files</Filter>
    </ClInclude>
    <ClInclude Include="RegisteredTNLP.hpp">
      <Filter>Header Files</Filter>
    </ClInclude>
  </ItemGroup>
  <ItemGroup>
    <ClCompile Include="LuksanVlcek1.cpp">
      <Filter>Source Files</Filter>
    </ClCompile>
    <ClCompile Include="LuksanVlcek2.cpp">
      <Filter>Source Files</Filter>
    </ClCompile>
    <ClCompile Include="LuksanVlcek3.cpp">
      <Filter>Source Files</Filter>
    </ClCompile>
    <ClCompile Include="LuksanVlcek4.cpp">
      <Filter>Source Files</Filter>
    </ClCompile>
    <ClCompile Include="LuksanVlcek5.cpp">
      <Filter>Source Files</Filter>
    </ClCompile>
    <ClCompile Include="LuksanVlcek6.cpp">
      <Filter>Source Files</Filter>
    </ClCompile>
    <ClCompile Include="LuksanVlcek7.cpp">
      <Filter>Source Files</Filter>
    </ClCompile>
    <ClCompile Include="MittelmannBndryCntrlDiri.cpp">
      <Filter>Source Files</Filter>
    </ClCompile>
    <ClCompile Include="MittelmannBndryCntrlDiri3D.cpp">
      <Filter>Source Files</Filter>
    </ClCompile>
    <ClCompile Include="MittelmannBndryCntrlDiri3D_27.cpp">
      <Filter>Source Files</Filter>
    </ClCompile>
    <ClCompile Include="MittelmannBndryCntrlDiri3Dsin.cpp">
      <Filter>Source Files</Filter>
    </ClCompile>
    <ClCompile Include="MittelmannBndryCntrlNeum.cpp">
      <Filter>Source Files</Filter>
    </ClCompile>
    <ClCompile Include="MittelmannDistCntrlDiri.cpp">
      <Filter>Source Files</Filter>
    </ClCompile>
    <ClCompile Include="MittelmannDistCntrlNeumA.cpp">
      <Filter>Source Files</Filter>
    </ClCompile>
    <ClCompile Include="MittelmannDistCntrlNeumB.cpp">
      <Filter>Source Files</Filter>
    </ClCompile>
    <ClCompile Include="RegisteredTNLP.cpp">
      <Filter>Source Files</Filter>
    </ClCompile>
    <ClCompile Include="solve_problem.cpp">
      <Filter>Source Files</Filter>
    </ClCompile>
  </ItemGroup>
</Project>