<?xml version="1.0" encoding="utf-8"?>
<Project ToolsVersion="4.0" xmlns="http://schemas.microsoft.com/developer/msbuild/2003">
  <ItemGroup>
    <Filter Include="Source Files">
      <UniqueIdentifier>{8aa9bda4-0c0e-454f-b983-404df556dacd}</UniqueIdentifier>
      <Extensions>cpp;c;cxx;rc;def;r;odl;idl;hpj;bat;f90;for;f;fpp</Extensions>
    </Filter>
    <Filter Include="Header Files">
      <UniqueIdentifier>{65d32373-4eef-4492-a87c-097811d6cfd6}</UniqueIdentifier>
      <Extensions>h;hpp;hxx;hm;inl;fi;fd</Extensions>
    </Filter>
    <Filter Include="Resource Files">
      <UniqueIdentifier>{f89fd685-108a-4d56-8674-fe964a707518}</UniqueIdentifier>
      <Extensions>ico;cur;bmp;dlg;rc2;rct;bin;rgs;gif;jpg;jpeg;jpe</Extensions>
    </Filter>
  </ItemGroup>
  <ItemGroup>
    <ClCompile Include="..\src\Huber\Huber.C">
      <Filter>Source Files</Filter>
    </ClCompile>
    <ClCompile Include="..\src\Huber\HuberData.C">
      <Filter>Source Files</Filter>
    </ClCompile>
    <ClCompile Include="..\src\Huber\HuberGondzioDriver.C">
      <Filter>Source Files</Filter>
    </ClCompile>
    <ClCompile Include="..\src\Huber\HuberLinsys.C">
      <Filter>Source Files</Filter>
    </ClCompile>
    <ClCompile Include="..\src\Huber\HuberResiduals.C">
      <Filter>Source Files</Filter>
    </ClCompile>
    <ClCompile Include="..\src\Huber\HuberVars.C">
      <Filter>Source Files</Filter>
    </ClCompile>
  </ItemGroup>
  <ItemGroup>
    <ClInclude Include="..\src\Huber\Huber.h">
      <Filter>Header Files</Filter>
    </ClInclude>
    <ClInclude Include="..\src\Huber\HuberData.h">
      <Filter>Header Files</Filter>
    </ClInclude>
    <ClInclude Include="..\src\Huber\HuberLinsys.h">
      <Filter>Header Files</Filter>
    </ClInclude>
    <ClInclude Include="..\src\Huber\HuberResiduals.h">
      <Filter>Header Files</Filter>
    </ClInclude>
    <ClInclude Include="..\src\Huber\HuberVars.h">
      <Filter>Header Files</Filter>
    </ClInclude>
  </ItemGroup>
  <ItemGroup>
    <Library Include="..\lib\vcf2c.lib" />
  </ItemGroup>
</Project>