<?xml version="1.0" encoding="utf-8"?>
<Project ToolsVersion="4.0" xmlns="http://schemas.microsoft.com/developer/msbuild/2003">
  <ItemGroup>
    <Filter Include="Source Files">
      <UniqueIdentifier>{c54dcf37-f4aa-4a1d-a7ce-68b31012ed86}</UniqueIdentifier>
      <Extensions>cpp;c;cxx;rc;def;r;odl;idl;hpj;bat;f90;for;f;fpp</Extensions>
    </Filter>
    <Filter Include="Header Files">
      <UniqueIdentifier>{b277cf75-7942-4783-83a9-8f6d613afc8f}</UniqueIdentifier>
      <Extensions>h;hpp;hxx;hm;inl;fi;fd</Extensions>
    </Filter>
  </ItemGroup>
  <ItemGroup>
    <ClCompile Include="..\src\Abstract\Data.C">
      <Filter>Source Files</Filter>
    </ClCompile>
    <ClCompile Include="..\src\Utilities\drand.C">
      <Filter>Source Files</Filter>
    </ClCompile>
    <ClCompile Include="..\src\Abstract\IotrRefCount.C">
      <Filter>Source Files</Filter>
    </ClCompile>
    <ClCompile Include="..\src\Abstract\OoqpMonitor.C">
      <Filter>Source Files</Filter>
    </ClCompile>
    <ClCompile Include="..\src\Vector\OoqpVector.C">
      <Filter>Source Files</Filter>
    </ClCompile>
    <ClCompile Include="..\src\Abstract\OoqpVersion.C">
      <Filter>Source Files</Filter>
    </ClCompile>
    <ClCompile Include="..\src\Vector\SimpleVector.C">
      <Filter>Source Files</Filter>
    </ClCompile>
    <ClCompile Include="..\src\Abstract\Solver.C">
      <Filter>Source Files</Filter>
    </ClCompile>
    <ClCompile Include="..\src\Utilities\sort.C">
      <Filter>Source Files</Filter>
    </ClCompile>
    <ClCompile Include="..\src\Abstract\Status.C">
      <Filter>Source Files</Filter>
    </ClCompile>
    <ClCompile Include="..\src\Abstract\Variables.C">
      <Filter>Source Files</Filter>
    </ClCompile>
    <ClCompile Include="..\src\Vector\VectorUtilities.C">
      <Filter>Source Files</Filter>
    </ClCompile>
  </ItemGroup>
  <ItemGroup>
    <ClInclude Include="..\src\Utilities\blas.h">
      <Filter>Header Files</Filter>
    </ClInclude>
    <ClInclude Include="..\src\Abstract\Data.h">
      <Filter>Header Files</Filter>
    </ClInclude>
    <ClInclude Include="..\src\Abstract\DoubleLinearSolver.h">
      <Filter>Header Files</Filter>
    </ClInclude>
    <ClInclude Include="..\src\Abstract\DoubleMatrix.h">
      <Filter>Header Files</Filter>
    </ClInclude>
    <ClInclude Include="..\src\Abstract\DoubleMatrixHandle.h">
      <Filter>Header Files</Filter>
    </ClInclude>
    <ClInclude Include="..\src\Abstract\DoubleMatrixTypes.h">
      <Filter>Header Files</Filter>
    </ClInclude>
    <ClInclude Include="..\src\Abstract\IotrRefCount.h">
      <Filter>Header Files</Filter>
    </ClInclude>
    <ClInclude Include="..\src\Abstract\LinearAlgebraPackage.h">
      <Filter>Header Files</Filter>
    </ClInclude>
    <ClInclude Include="..\src\Abstract\LinearSystem.h">
      <Filter>Header Files</Filter>
    </ClInclude>
    <ClInclude Include="..\src\Abstract\OoqpMonitor.h">
      <Filter>Header Files</Filter>
    </ClInclude>
    <ClInclude Include="..\src\Abstract\OoqpMonitorData.h">
      <Filter>Header Files</Filter>
    </ClInclude>
    <ClInclude Include="..\src\Abstract\OoqpPetscMonitor.h">
      <Filter>Header Files</Filter>
    </ClInclude>
    <ClInclude Include="..\src\Abstract\OoqpStartStrategy.h">
      <Filter>Header Files</Filter>
    </ClInclude>
    <ClInclude Include="..\src\Vector\OoqpVector.h">
      <Filter>Header Files</Filter>
    </ClInclude>
    <ClInclude Include="..\src\Vector\OoqpVectorHandle.h">
      <Filter>Header Files</Filter>
    </ClInclude>
    <ClInclude Include="..\src\Abstract\OoqpVersion.h">
      <Filter>Header Files</Filter>
    </ClInclude>
    <ClInclude Include="..\src\Abstract\ProblemFormulation.h">
      <Filter>Header Files</Filter>
    </ClInclude>
    <ClInclude Include="..\src\Abstract\Residuals.h">
      <Filter>Header Files</Filter>
    </ClInclude>
    <ClInclude Include="..\src\Vector\SimpleVector.h">
      <Filter>Header Files</Filter>
    </ClInclude>
    <ClInclude Include="..\src\Vector\SimpleVectorHandle.h">
      <Filter>Header Files</Filter>
    </ClInclude>
    <ClInclude Include="..\src\Abstract\SmartPointer.h">
      <Filter>Header Files</Filter>
    </ClInclude>
    <ClInclude Include="..\src\Abstract\Solver.h">
      <Filter>Header Files</Filter>
    </ClInclude>
    <ClInclude Include="..\src\Abstract\Status.h">
      <Filter>Header Files</Filter>
    </ClInclude>
    <ClInclude Include="..\src\Abstract\Variables.h">
      <Filter>Header Files</Filter>
    </ClInclude>
    <ClInclude Include="..\src\Vector\VectorUtilities.h">
      <Filter>Header Files</Filter>
    </ClInclude>
  </ItemGroup>
</Project>