<?xml version="1.0" encoding="utf-8"?>
<Project ToolsVersion="4.0" xmlns="http://schemas.microsoft.com/developer/msbuild/2003">
  <ItemGroup>
    <Filter Include="Source Files">
      <UniqueIdentifier>{53674ed1-a594-4c70-aae1-141d01701282}</UniqueIdentifier>
      <Extensions>cpp;c;cxx;rc;def;r;odl;idl;hpj;bat;f90;for;f;fpp</Extensions>
    </Filter>
    <Filter Include="Header Files">
      <UniqueIdentifier>{f1234a45-09c2-402b-8af0-7a84fd7f72bb}</UniqueIdentifier>
      <Extensions>h;hpp;hxx;hm;inl;fi;fd</Extensions>
    </Filter>
  </ItemGroup>
  <ItemGroup>
    <ClCompile Include="..\src\CInterface\cBounds.c">
      <Filter>Source Files</Filter>
    </ClCompile>
    <ClCompile Include="..\src\CInterface\cMpsReader.C">
      <Filter>Source Files</Filter>
    </ClCompile>
    <ClCompile Include="..\src\CInterface\cQpGen.C">
      <Filter>Source Files</Filter>
    </ClCompile>
    <ClCompile Include="..\src\CInterface\cQpGenSparse.C">
      <Filter>Source Files</Filter>
    </ClCompile>
    <ClCompile Include="..\src\Readers\hash.C">
      <Filter>Source Files</Filter>
    </ClCompile>
    <ClCompile Include="..\src\LinearSolvers\Ma27Solver\Ma27Solver.C">
      <Filter>Source Files</Filter>
    </ClCompile>
    <ClCompile Include="..\src\Readers\MpsReader.C">
      <Filter>Source Files</Filter>
    </ClCompile>
    <ClCompile Include="..\src\QpGen\QpGen.C">
      <Filter>Source Files</Filter>
    </ClCompile>
    <ClCompile Include="..\src\QpGen\QpGenData.C">
      <Filter>Source Files</Filter>
    </ClCompile>
    <ClCompile Include="..\src\QpGen\QpGenLinsys.C">
      <Filter>Source Files</Filter>
    </ClCompile>
    <ClCompile Include="..\src\QpGen\QpGenResiduals.C">
      <Filter>Source Files</Filter>
    </ClCompile>
    <ClCompile Include="..\src\QpGen\QpGenSparseLinsys.C">
      <Filter>Source Files</Filter>
    </ClCompile>
    <ClCompile Include="..\src\QpGen\QpGenSparseMa27.C">
      <Filter>Source Files</Filter>
    </ClCompile>
    <ClCompile Include="..\src\QpGen\QpGenSparseSeq.C">
      <Filter>Source Files</Filter>
    </ClCompile>
    <ClCompile Include="..\src\QpGen\QpGenVars.C">
      <Filter>Source Files</Filter>
    </ClCompile>
  </ItemGroup>
  <ItemGroup>
    <ClInclude Include="..\src\CInterface\cBounds.h">
      <Filter>Source Files</Filter>
    </ClInclude>
    <ClInclude Include="..\src\CInterface\cMpsReader.h">
      <Filter>Source Files</Filter>
    </ClInclude>
    <ClInclude Include="..\src\CInterface\cQpGen.h">
      <Filter>Source Files</Filter>
    </ClInclude>
    <ClInclude Include="..\src\CInterface\cQpGenSparse.h">
      <Filter>Source Files</Filter>
    </ClInclude>
    <ClInclude Include="..\src\Readers\hash.h">
      <Filter>Header Files</Filter>
    </ClInclude>
    <ClInclude Include="..\src\LinearSolvers\Ma27Solver\Ma27Solver.h">
      <Filter>Header Files</Filter>
    </ClInclude>
    <ClInclude Include="..\src\Readers\MpsReader.h">
      <Filter>Header Files</Filter>
    </ClInclude>
    <ClInclude Include="..\src\QpGen\QpGen.h">
      <Filter>Header Files</Filter>
    </ClInclude>
    <ClInclude Include="..\src\QpGen\QpGenData.h">
      <Filter>Header Files</Filter>
    </ClInclude>
    <ClInclude Include="..\src\QpGen\QpGenLinsys.h">
      <Filter>Header Files</Filter>
    </ClInclude>
    <ClInclude Include="..\src\QpGen\QpGenResiduals.h">
      <Filter>Header Files</Filter>
    </ClInclude>
    <ClInclude Include="..\src\QpGen\QpGenSparseLinsys.h">
      <Filter>Header Files</Filter>
    </ClInclude>
    <ClInclude Include="..\src\QpGen\QpGenSparseMa27.h">
      <Filter>Header Files</Filter>
    </ClInclude>
    <ClInclude Include="..\src\QpGen\QpGenSparseSeq.h">
      <Filter>Header Files</Filter>
    </ClInclude>
    <ClInclude Include="..\src\QpGen\QpGenVars.h">
      <Filter>Header Files</Filter>
    </ClInclude>
  </ItemGroup>
</Project>