<?xml version="1.0" encoding="utf-8"?>
<Project ToolsVersion="4.0" xmlns="http://schemas.microsoft.com/developer/msbuild/2003">
  <ItemGroup>
    <Filter Include="Source Files">
      <UniqueIdentifier>{fb917420-c4b3-4b21-a52e-c328ab720e51}</UniqueIdentifier>
      <Extensions>cpp;c;cxx;rc;def;r;odl;idl;hpj;bat;f90;for;f;fpp</Extensions>
    </Filter>
    <Filter Include="Header Files">
      <UniqueIdentifier>{6e6e2e2c-1de4-4f05-aced-bbc343cd98ac}</UniqueIdentifier>
      <Extensions>h;hpp;hxx;hm;inl;fi;fd</Extensions>
    </Filter>
    <Filter Include="Resource Files">
      <UniqueIdentifier>{d2303afa-2bed-4552-9996-43b01acdb204}</UniqueIdentifier>
      <Extensions>ico;cur;bmp;dlg;rc2;rct;bin;rgs;gif;jpg;jpeg;jpe</Extensions>
    </Filter>
  </ItemGroup>
  <ItemGroup>
    <ClCompile Include="..\src\Abstract\Data.C">
      <Filter>Source Files</Filter>
    </ClCompile>
    <ClCompile Include="..\src\DenseLinearAlgebra\DenseGenMatrix.C">
      <Filter>Source Files</Filter>
    </ClCompile>
    <ClCompile Include="..\src\DenseLinearAlgebra\DenseLinearAlgebraPackage.C">
      <Filter>Source Files</Filter>
    </ClCompile>
    <ClCompile Include="..\src\DenseLinearAlgebra\DenseStorage.C">
      <Filter>Source Files</Filter>
    </ClCompile>
    <ClCompile Include="..\src\DenseLinearAlgebra\DeSymPSDSolver.C">
      <Filter>Source Files</Filter>
    </ClCompile>
    <ClCompile Include="..\src\Utilities\drand.C">
      <Filter>Source Files</Filter>
    </ClCompile>
    <ClCompile Include="..\src\QpSolvers\GondzioSolver.C">
      <Filter>Source Files</Filter>
    </ClCompile>
    <ClCompile Include="..\src\Readers\hash.C">
      <Filter>Source Files</Filter>
    </ClCompile>
    <ClCompile Include="..\src\Abstract\IotrRefCount.C">
      <Filter>Source Files</Filter>
    </ClCompile>
    <ClCompile Include="..\src\Readers\MpsReader.c">
      <Filter>Source Files</Filter>
    </ClCompile>
    <ClCompile Include="..\src\Abstract\OoqpMonitor.C">
      <Filter>Source Files</Filter>
    </ClCompile>
    <ClCompile Include="..\src\Vector\OoqpVector.C">
      <Filter>Source Files</Filter>
    </ClCompile>
    <ClCompile Include="..\src\Abstract\OoqpVersion.C">
      <Filter>Source Files</Filter>
    </ClCompile>
    <ClCompile Include="..\src\QpBound\QpBound.C">
      <Filter>Source Files</Filter>
    </ClCompile>
    <ClCompile Include="..\src\QpBound\QpBoundData.C">
      <Filter>Source Files</Filter>
    </ClCompile>
    <ClCompile Include="..\src\QpBound\QpBoundDense.C">
      <Filter>Source Files</Filter>
    </ClCompile>
    <ClCompile Include="..\src\QpBound\QpBoundDenseGondzioDriver.C">
      <Filter>Source Files</Filter>
    </ClCompile>
    <ClCompile Include="..\src\QpBound\QpBoundDenseLinsys.C">
      <Filter>Source Files</Filter>
    </ClCompile>
    <ClCompile Include="..\src\QpBound\QpBoundLinsys.C">
      <Filter>Source Files</Filter>
    </ClCompile>
    <ClCompile Include="..\src\QpBound\QpBoundResiduals.C">
      <Filter>Source Files</Filter>
    </ClCompile>
    <ClCompile Include="..\src\QpBound\QpBoundVars.C">
      <Filter>Source Files</Filter>
    </ClCompile>
    <ClCompile Include="..\src\Vector\SimpleVector.C">
      <Filter>Source Files</Filter>
    </ClCompile>
    <ClCompile Include="..\src\Abstract\Solver.C">
      <Filter>Source Files</Filter>
    </ClCompile>
    <ClCompile Include="..\src\Utilities\sort.C">
      <Filter>Source Files</Filter>
    </ClCompile>
    <ClCompile Include="..\src\Abstract\Variables.C">
      <Filter>Source Files</Filter>
    </ClCompile>
    <ClCompile Include="..\src\Vector\VectorUtilities.C">
      <Filter>Source Files</Filter>
    </ClCompile>
  </ItemGroup>
  <ItemGroup>
    <ClInclude Include="..\src\Abstract\Data.h">
      <Filter>Header Files</Filter>
    </ClInclude>
    <ClInclude Include="..\src\DenseLinearAlgebra\DenseGenMatrix.h">
      <Filter>Header Files</Filter>
    </ClInclude>
    <ClInclude Include="..\src\DenseLinearAlgebra\DenseGenMatrixHandle.h">
      <Filter>Header Files</Filter>
    </ClInclude>
    <ClInclude Include="..\src\DenseLinearAlgebra\DenseLinearAlgebraPackage.h">
      <Filter>Header Files</Filter>
    </ClInclude>
    <ClInclude Include="..\src\DenseLinearAlgebra\DenseStorage.h">
      <Filter>Header Files</Filter>
    </ClInclude>
    <ClInclude Include="..\src\DenseLinearAlgebra\DenseStorageHandle.h">
      <Filter>Header Files</Filter>
    </ClInclude>
    <ClInclude Include="..\src\DenseLinearAlgebra\DenseSymMatrixHandle.h">
      <Filter>Header Files</Filter>
    </ClInclude>
    <ClInclude Include="..\src\DenseLinearAlgebra\DeSymPSDSolver.h">
      <Filter>Header Files</Filter>
    </ClInclude>
    <ClInclude Include="..\src\Abstract\DoubleMatrix.h">
      <Filter>Header Files</Filter>
    </ClInclude>
    <ClInclude Include="..\src\Abstract\DoubleMatrixHandle.h">
      <Filter>Header Files</Filter>
    </ClInclude>
    <ClInclude Include="..\src\Abstract\DoubleMatrixTypes.h">
      <Filter>Header Files</Filter>
    </ClInclude>
    <ClInclude Include="..\src\Readers\hash.h">
      <Filter>Header Files</Filter>
    </ClInclude>
    <ClInclude Include="..\src\Abstract\IotrRefCount.h">
      <Filter>Header Files</Filter>
    </ClInclude>
    <ClInclude Include="..\src\Abstract\LinearAlgebraPackage.h">
      <Filter>Header Files</Filter>
    </ClInclude>
    <ClInclude Include="..\src\Abstract\LinearSystem.h">
      <Filter>Header Files</Filter>
    </ClInclude>
    <ClInclude Include="..\src\Readers\MpsReader.h">
      <Filter>Header Files</Filter>
    </ClInclude>
    <ClInclude Include="..\src\Abstract\OoqpMonitor.h">
      <Filter>Header Files</Filter>
    </ClInclude>
    <ClInclude Include="..\src\Vector\OoqpVector.h">
      <Filter>Header Files</Filter>
    </ClInclude>
    <ClInclude Include="..\src\Vector\OoqpVectorHandle.h">
      <Filter>Header Files</Filter>
    </ClInclude>
    <ClInclude Include="..\src\Abstract\OoqpVersion.h">
      <Filter>Header Files</Filter>
    </ClInclude>
    <ClInclude Include="..\src\QpBound\QpBound.h">
      <Filter>Header Files</Filter>
    </ClInclude>
    <ClInclude Include="..\src\QpBound\QpBoundData.h">
      <Filter>Header Files</Filter>
    </ClInclude>
    <ClInclude Include="..\src\QpBound\QpBoundDense.h">
      <Filter>Header Files</Filter>
    </ClInclude>
    <ClInclude Include="..\src\QpBound\QpBoundDenseLinsys.h">
      <Filter>Header Files</Filter>
    </ClInclude>
    <ClInclude Include="..\src\QpBound\QpBoundLinsys.h">
      <Filter>Header Files</Filter>
    </ClInclude>
    <ClInclude Include="..\src\QpBound\QpBoundResiduals.h">
      <Filter>Header Files</Filter>
    </ClInclude>
    <ClInclude Include="..\src\QpBound\QpBoundVars.h">
      <Filter>Header Files</Filter>
    </ClInclude>
    <ClInclude Include="..\src\Vector\SimpleVector.h">
      <Filter>Header Files</Filter>
    </ClInclude>
    <ClInclude Include="..\src\Vector\SimpleVectorHandle.h">
      <Filter>Header Files</Filter>
    </ClInclude>
    <ClInclude Include="..\src\Abstract\Solver.h">
      <Filter>Header Files</Filter>
    </ClInclude>
    <ClInclude Include="..\src\Abstract\Variables.h">
      <Filter>Header Files</Filter>
    </ClInclude>
    <ClInclude Include="..\src\Vector\VectorUtilities.h">
      <Filter>Header Files</Filter>
    </ClInclude>
  </ItemGroup>
  <ItemGroup>
    <Library Include="..\lib\vcf2c.lib" />
  </ItemGroup>
</Project>