
Microsoft Visual Studio Solution File, Format Version 11.00
# Visual Studio 2010
Project("{8BC9CEB8-8B4A-11D0-8D11-00A0C91BC942}") = "MarchingCube", "MarchingCube.vcxproj", "{66D1A5BA-B514-43A7-B8D6-68AA1B41D8FB}"
EndProject
Global
	GlobalSection(SolutionConfigurationPlatforms) = preSolution
		Debug|Win32 = Debug|Win32
		Release|Win32 = Release|Win32
	EndGlobalSection
	GlobalSection(ProjectConfigurationPlatforms) = postSolution
		{66D1A5BA-B514-43A7-B8D6-68AA1B41D8FB}.Debug|Win32.ActiveCfg = Debug|Win32
		{66D1A5BA-B514-43A7-B8D6-68AA1B41D8FB}.Debug|Win32.Build.0 = Debug|Win32
		{66D1A5BA-B514-43A7-B8D6-68AA1B41D8FB}.Release|Win32.ActiveCfg = Release|Win32
		{66D1A5BA-B514-43A7-B8D6-68AA1B41D8FB}.Release|Win32.Build.0 = Release|Win32
	EndGlobalSection
	GlobalSection(SolutionProperties) = preSolution
		HideSolutionNode = FALSE
	EndGlobalSection
EndGlobal
